
Microsoft Visual Studio Solution File, Format Version 12.00
# Visual Studio Version 17
VisualStudioVersion = 17.6.33829.357
MinimumVisualStudioVersion = 10.0.40219.1
Project("{2150E333-8FDC-42A3-9474-1A3956D46DE8}") = "Factory Method", "Factory Method", "{78F9F938-B4AF-4954-B755-E982BFA3B848}"
EndProject
Project("{FAE04EC0-301F-11D3-BF4B-00C04F79EFBC}") = "DesignPatterns.FactoryMethod", "DesignPatterns.FactoryMethod\DesignPatterns.FactoryMethod.csproj", "{2F0861AF-C0C9-43EA-A3F3-30FEFB8EAB39}"
EndProject
Global
	GlobalSection(SolutionConfigurationPlatforms) = preSolution
		Debug|Any CPU = Debug|Any CPU
		Release|Any CPU = Release|Any CPU
	EndGlobalSection
	GlobalSection(ProjectConfigurationPlatforms) = postSolution
		{2F0861AF-C0C9-43EA-A3F3-30FEFB8EAB39}.Debug|Any CPU.ActiveCfg = Debug|Any CPU
		{2F0861AF-C0C9-43EA-A3F3-30FEFB8EAB39}.Debug|Any CPU.Build.0 = Debug|Any CPU
		{2F0861AF-C0C9-43EA-A3F3-30FEFB8EAB39}.Release|Any CPU.ActiveCfg = Release|Any CPU
		{2F0861AF-C0C9-43EA-A3F3-30FEFB8EAB39}.Release|Any CPU.Build.0 = Release|Any CPU
	EndGlobalSection
	GlobalSection(SolutionProperties) = preSolution
		HideSolutionNode = FALSE
	EndGlobalSection
	GlobalSection(NestedProjects) = preSolution
		{2F0861AF-C0C9-43EA-A3F3-30FEFB8EAB39} = {78F9F938-B4AF-4954-B755-E982BFA3B848}
	EndGlobalSection
	GlobalSection(ExtensibilityGlobals) = postSolution
		SolutionGuid = {09FCB806-B61C-46FC-8AC8-078A9FA8F2A2}
	EndGlobalSection
EndGlobal
